{
  "version": 4,
  "terraform_version": "1.4.5",
  "serial": 97,
  "lineage": "1977531d-1e26-da68-55e7-ca26881aa75d",
  "outputs": {},
  "resources": [
    {
      "mode": "managed",
      "type": "aws_instance",
      "name": "ansible",
      "provider": "provider[\"registry.terraform.io/hashicorp/aws\"]",
      "instances": [
        {
          "schema_version": 1,
          "attributes": {
            "ami": "ami-05bfef86a955a699e",
            "arn": "arn:aws:ec2:eu-west-3:131353868670:instance/i-00afa85c34d0d8d51",
            "associate_public_ip_address": true,
            "availability_zone": "eu-west-3a",
            "capacity_reservation_specification": [
              {
                "capacity_reservation_preference": "open",
                "capacity_reservation_target": []
              }
            ],
            "cpu_core_count": 1,
            "cpu_threads_per_core": 1,
            "credit_specification": [
              {
                "cpu_credits": "standard"
              }
            ],
            "disable_api_stop": false,
            "disable_api_termination": false,
            "ebs_block_device": [],
            "ebs_optimized": false,
            "enclave_options": [
              {
                "enabled": false
              }
            ],
            "ephemeral_block_device": [],
            "get_password_data": false,
            "hibernation": false,
            "host_id": "",
            "host_resource_group_arn": null,
            "iam_instance_profile": "",
            "id": "i-00afa85c34d0d8d51",
            "instance_initiated_shutdown_behavior": "stop",
            "instance_state": "running",
            "instance_type": "t2.micro",
            "ipv6_address_count": 0,
            "ipv6_addresses": [],
            "key_name": "ter-key",
            "launch_template": [],
            "maintenance_options": [
              {
                "auto_recovery": "default"
              }
            ],
            "metadata_options": [
              {
                "http_endpoint": "enabled",
                "http_put_response_hop_limit": 1,
                "http_tokens": "optional",
                "instance_metadata_tags": "disabled"
              }
            ],
            "monitoring": false,
            "network_interface": [],
            "outpost_arn": "",
            "password_data": "",
            "placement_group": "",
            "placement_partition_number": 0,
            "primary_network_interface_id": "eni-0255e060ce7986cea",
            "private_dns": "ip-10-0-0-41.eu-west-3.compute.internal",
            "private_dns_name_options": [
              {
                "enable_resource_name_dns_a_record": false,
                "enable_resource_name_dns_aaaa_record": false,
                "hostname_type": "ip-name"
              }
            ],
            "private_ip": "10.0.0.41",
            "public_dns": "ec2-15-237-137-137.eu-west-3.compute.amazonaws.com",
            "public_ip": "15.237.137.137",
            "root_block_device": [
              {
                "delete_on_termination": true,
                "device_name": "/dev/xvda",
                "encrypted": false,
                "iops": 100,
                "kms_key_id": "",
                "tags": {},
                "throughput": 0,
                "volume_id": "vol-09cbeebd283ff9b87",
                "volume_size": 8,
                "volume_type": "gp2"
              }
            ],
            "secondary_private_ips": [],
            "security_groups": [],
            "source_dest_check": true,
            "subnet_id": "subnet-0272fc33cb1aa4fb0",
            "tags": null,
            "tags_all": {},
            "tenancy": "default",
            "timeouts": null,
            "user_data": "130ea453c4aed6d0b30d0df39cca01d0a5cb46c1",
            "user_data_base64": null,
            "user_data_replace_on_change": false,
            "volume_tags": null,
            "vpc_security_group_ids": [
              "sg-0bc111989649ba68b"
            ]
          },
          "sensitive_attributes": [],
          "private": "eyJlMmJmYjczMC1lY2FhLTExZTYtOGY4OC0zNDM2M2JjN2M0YzAiOnsiY3JlYXRlIjo2MDAwMDAwMDAwMDAsImRlbGV0ZSI6MTIwMDAwMDAwMDAwMCwidXBkYXRlIjo2MDAwMDAwMDAwMDB9LCJzY2hlbWFfdmVyc2lvbiI6IjEifQ==",
          "dependencies": [
            "aws_security_group.ter-ansible",
            "aws_subnet.subnet1"
          ]
        }
      ]
    },
    {
      "mode": "managed",
      "type": "aws_internet_gateway",
      "name": "igw",
      "provider": "provider[\"registry.terraform.io/hashicorp/aws\"]",
      "instances": [
        {
          "schema_version": 0,
          "attributes": {
            "arn": "arn:aws:ec2:eu-west-3:131353868670:internet-gateway/igw-0f71b338c2803cc96",
            "id": "igw-0f71b338c2803cc96",
            "owner_id": "131353868670",
            "tags": {},
            "tags_all": {},
            "timeouts": null,
            "vpc_id": "vpc-0c31feeb5d53b751d"
          },
          "sensitive_attributes": [],
          "private": "eyJlMmJmYjczMC1lY2FhLTExZTYtOGY4OC0zNDM2M2JjN2M0YzAiOnsiY3JlYXRlIjoxMjAwMDAwMDAwMDAwLCJkZWxldGUiOjEyMDAwMDAwMDAwMDAsInVwZGF0ZSI6MTIwMDAwMDAwMDAwMH19",
          "dependencies": [
            "aws_vpc.vpc"
          ]
        }
      ]
    },
    {
      "mode": "managed",
      "type": "aws_key_pair",
      "name": "ter-key",
      "provider": "provider[\"registry.terraform.io/hashicorp/aws\"]",
      "instances": [
        {
          "schema_version": 1,
          "attributes": {
            "arn": "arn:aws:ec2:eu-west-3:131353868670:key-pair/ter-key",
            "fingerprint": "e1:72:4e:ab:4a:6c:0d:83:64:85:c3:38:76:e9:17:1e",
            "id": "ter-key",
            "key_name": "ter-key",
            "key_name_prefix": "",
            "key_pair_id": "key-01c4b8f53ab6228bd",
            "key_type": "rsa",
            "public_key": "ssh-rsa AAAAB3NzaC1yc2EAAAADAQABAAABAQDGiaRLZsxDyTuJTOyb6XHnvhIbU1wLOJHXmrOx5cGaCmqKDrM1cMJ8XSGehroUSSX8sHEW8CjYHdRkgghuOoDT1qr0Hj3i4C0u1849/lWEJLpEwI/8LLBNXICRQocoxSyrRtqQVD7Njro07h95DwMEvjB+kxqsucnYAZvQ79QbzL+kUAtVTbRZLn2hE+2QOT34KK9svm1tvLfbXhNUYir+5fzZQ7efcVR/JPF4bt9sTQWMEqCLfckmk4/AZbStxwKLdKKlhaHegTxt1ufepexE4ZG2Yu0YT0waa8EOco6qtXIlaMtl5z4/61t8U8r75AkxPKcUpkMfrVEsyXkldrPR",
            "tags": {},
            "tags_all": {}
          },
          "sensitive_attributes": [],
          "private": "eyJzY2hlbWFfdmVyc2lvbiI6IjEifQ==",
          "dependencies": [
            "tls_private_key.rsa"
          ]
        }
      ]
    },
    {
      "mode": "managed",
      "type": "aws_route_table",
      "name": "rtb",
      "provider": "provider[\"registry.terraform.io/hashicorp/aws\"]",
      "instances": [
        {
          "schema_version": 0,
          "attributes": {
            "arn": "arn:aws:ec2:eu-west-3:131353868670:route-table/rtb-08b3b7d94c2a2a4b3",
            "id": "rtb-08b3b7d94c2a2a4b3",
            "owner_id": "131353868670",
            "propagating_vgws": [],
            "route": [
              {
                "carrier_gateway_id": "",
                "cidr_block": "0.0.0.0/0",
                "core_network_arn": "",
                "destination_prefix_list_id": "",
                "egress_only_gateway_id": "",
                "gateway_id": "igw-0f71b338c2803cc96",
                "instance_id": "",
                "ipv6_cidr_block": "",
                "local_gateway_id": "",
                "nat_gateway_id": "",
                "network_interface_id": "",
                "transit_gateway_id": "",
                "vpc_endpoint_id": "",
                "vpc_peering_connection_id": ""
              }
            ],
            "tags": {},
            "tags_all": {},
            "timeouts": null,
            "vpc_id": "vpc-0c31feeb5d53b751d"
          },
          "sensitive_attributes": [],
          "private": "eyJlMmJmYjczMC1lY2FhLTExZTYtOGY4OC0zNDM2M2JjN2M0YzAiOnsiY3JlYXRlIjozMDAwMDAwMDAwMDAsImRlbGV0ZSI6MzAwMDAwMDAwMDAwLCJ1cGRhdGUiOjEyMDAwMDAwMDAwMH19",
          "dependencies": [
            "aws_internet_gateway.igw",
            "aws_vpc.vpc"
          ]
        }
      ]
    },
    {
      "mode": "managed",
      "type": "aws_route_table_association",
      "name": "rta-subnet1",
      "provider": "provider[\"registry.terraform.io/hashicorp/aws\"]",
      "instances": [
        {
          "schema_version": 0,
          "attributes": {
            "gateway_id": "",
            "id": "rtbassoc-0ece53486c67a8d40",
            "route_table_id": "rtb-08b3b7d94c2a2a4b3",
            "subnet_id": "subnet-0272fc33cb1aa4fb0"
          },
          "sensitive_attributes": [],
          "private": "bnVsbA==",
          "dependencies": [
            "aws_internet_gateway.igw",
            "aws_route_table.rtb",
            "aws_subnet.subnet1",
            "aws_vpc.vpc"
          ]
        }
      ]
    },
    {
      "mode": "managed",
      "type": "aws_security_group",
      "name": "ter-ansible",
      "provider": "provider[\"registry.terraform.io/hashicorp/aws\"]",
      "instances": [
        {
          "schema_version": 1,
          "attributes": {
            "arn": "arn:aws:ec2:eu-west-3:131353868670:security-group/sg-0bc111989649ba68b",
            "description": "Managed by Terraform",
            "egress": [
              {
                "cidr_blocks": [
                  "0.0.0.0/0"
                ],
                "description": "",
                "from_port": 0,
                "ipv6_cidr_blocks": [],
                "prefix_list_ids": [],
                "protocol": "-1",
                "security_groups": [],
                "self": false,
                "to_port": 0
              }
            ],
            "id": "sg-0bc111989649ba68b",
            "ingress": [
              {
                "cidr_blocks": [
                  "0.0.0.0/0"
                ],
                "description": "",
                "from_port": 22,
                "ipv6_cidr_blocks": [],
                "prefix_list_ids": [],
                "protocol": "tcp",
                "security_groups": [],
                "self": false,
                "to_port": 22
              }
            ],
            "name": "ter_ansible",
            "name_prefix": "",
            "owner_id": "131353868670",
            "revoke_rules_on_delete": false,
            "tags": {},
            "tags_all": {},
            "timeouts": null,
            "vpc_id": "vpc-0c31feeb5d53b751d"
          },
          "sensitive_attributes": [],
          "private": "eyJlMmJmYjczMC1lY2FhLTExZTYtOGY4OC0zNDM2M2JjN2M0YzAiOnsiY3JlYXRlIjo2MDAwMDAwMDAwMDAsImRlbGV0ZSI6OTAwMDAwMDAwMDAwfSwic2NoZW1hX3ZlcnNpb24iOiIxIn0=",
          "dependencies": [
            "aws_vpc.vpc"
          ]
        }
      ]
    },
    {
      "mode": "managed",
      "type": "aws_subnet",
      "name": "subnet1",
      "provider": "provider[\"registry.terraform.io/hashicorp/aws\"]",
      "instances": [
        {
          "schema_version": 1,
          "attributes": {
            "arn": "arn:aws:ec2:eu-west-3:131353868670:subnet/subnet-0272fc33cb1aa4fb0",
            "assign_ipv6_address_on_creation": false,
            "availability_zone": "eu-west-3a",
            "availability_zone_id": "euw3-az1",
            "cidr_block": "10.0.0.0/24",
            "customer_owned_ipv4_pool": "",
            "enable_dns64": false,
            "enable_resource_name_dns_a_record_on_launch": false,
            "enable_resource_name_dns_aaaa_record_on_launch": false,
            "id": "subnet-0272fc33cb1aa4fb0",
            "ipv6_cidr_block": "",
            "ipv6_cidr_block_association_id": "",
            "ipv6_native": false,
            "map_customer_owned_ip_on_launch": false,
            "map_public_ip_on_launch": true,
            "outpost_arn": "",
            "owner_id": "131353868670",
            "private_dns_hostname_type_on_launch": "ip-name",
            "tags": {},
            "tags_all": {},
            "timeouts": null,
            "vpc_id": "vpc-0c31feeb5d53b751d"
          },
          "sensitive_attributes": [],
          "private": "eyJlMmJmYjczMC1lY2FhLTExZTYtOGY4OC0zNDM2M2JjN2M0YzAiOnsiY3JlYXRlIjo2MDAwMDAwMDAwMDAsImRlbGV0ZSI6MTIwMDAwMDAwMDAwMH0sInNjaGVtYV92ZXJzaW9uIjoiMSJ9",
          "dependencies": [
            "aws_vpc.vpc"
          ]
        }
      ]
    },
    {
      "mode": "managed",
      "type": "aws_vpc",
      "name": "vpc",
      "provider": "provider[\"registry.terraform.io/hashicorp/aws\"]",
      "instances": [
        {
          "schema_version": 1,
          "attributes": {
            "arn": "arn:aws:ec2:eu-west-3:131353868670:vpc/vpc-0c31feeb5d53b751d",
            "assign_generated_ipv6_cidr_block": false,
            "cidr_block": "10.0.0.0/16",
            "default_network_acl_id": "acl-090a430d45d6a3a9d",
            "default_route_table_id": "rtb-0916541af9e987fbd",
            "default_security_group_id": "sg-0cf2590053ef393b4",
            "dhcp_options_id": "dopt-0ea0b3cb93b77f480",
            "enable_classiclink": false,
            "enable_classiclink_dns_support": false,
            "enable_dns_hostnames": true,
            "enable_dns_support": true,
            "enable_network_address_usage_metrics": false,
            "id": "vpc-0c31feeb5d53b751d",
            "instance_tenancy": "default",
            "ipv4_ipam_pool_id": null,
            "ipv4_netmask_length": null,
            "ipv6_association_id": "",
            "ipv6_cidr_block": "",
            "ipv6_cidr_block_network_border_group": "",
            "ipv6_ipam_pool_id": "",
            "ipv6_netmask_length": 0,
            "main_route_table_id": "rtb-0916541af9e987fbd",
            "owner_id": "131353868670",
            "tags": {},
            "tags_all": {}
          },
          "sensitive_attributes": [],
          "private": "eyJzY2hlbWFfdmVyc2lvbiI6IjEifQ=="
        }
      ]
    },
    {
      "mode": "managed",
      "type": "local_file",
      "name": "ter-key",
      "provider": "provider[\"registry.terraform.io/hashicorp/local\"]",
      "instances": [
        {
          "schema_version": 0,
          "attributes": {
            "content": "-----BEGIN RSA PRIVATE KEY-----\nMIIEowIBAAKCAQEAxomkS2bMQ8k7iUzsm+lx574SG1NcCziR15qzseXBmgpqig6z\nNXDCfF0hnoa6FEkl/LBxFvAo2B3UZIIIbjqA09aq9B494uAtLtfOPf5VhCS6RMCP\n/CywTVyAkUKHKMUsq0bakFQ+zY66NO4feQ8DBL4wfpMarLnJ2AGb0O/UG8y/pFAL\nVU20WS59oRPtkDk9+CivbL5tbby3214TVGIq/uX82UO3n3FUfyTxeG7fbE0FjBKg\ni33JJpOPwGW0rccCi3SipYWh3oE8bdbn3qXsROGRtmLtGE9MGmvBDnKOqrVyJWjL\nZec+P+tbfFPK++QJMTynFKZDH61RLMl5JXaz0QIDAQABAoIBAHy6unoYghnQEdRH\nfJrTBZmXAt8h9sCh8JYofd40vvWct6Q2agYX6kehZt6mO79E2VWwL8w+YxqrWuUu\nAEfn/0mXIt2tJiojtp8oO00dPPKA9Hj/FTZTiQuBItCfoDRP86lDIUrtcmtH0Noy\nA5nVgYr4RZUvq+F580H+eLrCAVrYosnU1mSQRZlqDypZwLRzwd0FMBVGGbxrwcN5\n+JwfPcYKctXSCztxescz2K3VdOziMnrCXF5WUWQeheDNK/ZWpXUdcqTn7GqWLxXu\n7pPZ0rpXr+qYRFcdsYZ3cjhpjIIx0gaBc6ElPLb9FT4sa4bk6fOx2SvwfvP1m9Xw\nYR08krECgYEA6qSrQiE+Mq0jREsU8nuNH+/vvlcAhJfkyyuDfK9/JKuUNkus/a2L\nGsnfERTzfna3ns4VeW91ZzS3cJFA0Q43aY0lN/EBdhOc3FKPci8xIBT0lE6HapeX\nuH7+KdweWxaOFtcsmmj8NKduSx6McOV4cI1WRQD5dWUgy/0CZbKCGk0CgYEA2Juw\n2MnfAfm970yzfEuHJrz9A+WPW5dwnFQO0PpH+0snfXGvRGQDkkl2AILUoO5G7p+R\nG4pRRI0XNVRYFj6OKaFYIReMOib1pm8RfLgKVDKYxRvzd4OIksEbedASkxI9YNZZ\nbQ2Z14LNdPkJNH/0y9bEla9PvpX6tG5oKCALeZUCgYBod2vwA1DnywHak/r9glhw\nkaiRe7a1UdMBSZw+1PusXd+c1NBuGOfHw3zW5BcMhNp3j5Ur/Z2tl2Dccy8CZGvz\nSG37nAdkhJLf3LoUwkIC4JGLvfK4WEmqUI/kHyY8s6wLKz2meXtgDfMi6rToRqH6\nqlJwYmCuDZoud7SrhnA6OQKBgQC8n6d6wSBP6hj6AAL0pBjHJR/3erpB+jh4CcL1\nPF3eeO2kkZEcrzNk+k+l1kgu9BAU0CNepi5q0ap6KD6k8Eh//B5wgr78DN0x19qU\njvd/pqfeTZ7QXlxZ34t7ojPqmqGUaFRrYMKtJxyfVhYr/5k+wIFkD8wTnSs6YEKX\nXoBfmQKBgGKFPIhiwDUtCCkFotOjy3pl5+9S9cXv62XV4uhRZk2GchmR84KC+Xua\nyCa5AYGHCWNieYnxNQJXDstZKjm0/572PxyCmq5tEuVDXnMM3uuV7wgIstLCn7rd\n33HUp1nSGSUeS1fRdXbISA8zwdYFLizacTNRIOhE6ylvXo/x0moA\n-----END RSA PRIVATE KEY-----\n",
            "content_base64": null,
            "content_base64sha256": "m+4GdhFJnP6by1N9ahLgp8ga1tWrP5IHht6oyo9wTDA=",
            "content_base64sha512": "WTe0xIm4P470Jyr+XuHpYJhdolxtJ2kq9bLBPZ0KYQAH99vP+pN9NFk20LQzrTHYW6RVmmvqsBQuV/NNISgdiw==",
            "content_md5": "3ff29a316e959c006854766707a91fc0",
            "content_sha1": "c67bb45429cf3644f284b17fcb297edc1f4c2cb2",
            "content_sha256": "9bee067611499cfe9bcb537d6a12e0a7c81ad6d5ab3f920786dea8ca8f704c30",
            "content_sha512": "5937b4c489b83f8ef4272afe5ee1e960985da25c6d27692af5b2c13d9d0a610007f7dbcffa937d345936d0b433ad31d85ba4559a6beab0142e57f34d21281d8b",
            "directory_permission": "0777",
            "file_permission": "0777",
            "filename": "ter-key",
            "id": "c67bb45429cf3644f284b17fcb297edc1f4c2cb2",
            "sensitive_content": null,
            "source": null
          },
          "sensitive_attributes": [
            [
              {
                "type": "get_attr",
                "value": "content"
              }
            ]
          ],
          "dependencies": [
            "tls_private_key.rsa"
          ]
        }
      ]
    },
    {
      "mode": "managed",
      "type": "tls_private_key",
      "name": "rsa",
      "provider": "provider[\"registry.terraform.io/hashicorp/tls\"]",
      "instances": [
        {
          "schema_version": 1,
          "attributes": {
            "algorithm": "RSA",
            "ecdsa_curve": "P224",
            "id": "ed0d80d70d29390efec2bfbcd66173689cf5347e",
            "private_key_openssh": "-----BEGIN OPENSSH PRIVATE KEY-----\nb3BlbnNzaC1rZXktdjEAAAAABG5vbmUAAAAEbm9uZQAAAAAAAAABAAABFwAAAAdz\nc2gtcnNhAAAAAwEAAQAAAQEAxomkS2bMQ8k7iUzsm+lx574SG1NcCziR15qzseXB\nmgpqig6zNXDCfF0hnoa6FEkl/LBxFvAo2B3UZIIIbjqA09aq9B494uAtLtfOPf5V\nhCS6RMCP/CywTVyAkUKHKMUsq0bakFQ+zY66NO4feQ8DBL4wfpMarLnJ2AGb0O/U\nG8y/pFALVU20WS59oRPtkDk9+CivbL5tbby3214TVGIq/uX82UO3n3FUfyTxeG7f\nbE0FjBKgi33JJpOPwGW0rccCi3SipYWh3oE8bdbn3qXsROGRtmLtGE9MGmvBDnKO\nqrVyJWjLZec+P+tbfFPK++QJMTynFKZDH61RLMl5JXaz0QAAA7jun05T7p9OUwAA\nAAdzc2gtcnNhAAABAQDGiaRLZsxDyTuJTOyb6XHnvhIbU1wLOJHXmrOx5cGaCmqK\nDrM1cMJ8XSGehroUSSX8sHEW8CjYHdRkgghuOoDT1qr0Hj3i4C0u1849/lWEJLpE\nwI/8LLBNXICRQocoxSyrRtqQVD7Njro07h95DwMEvjB+kxqsucnYAZvQ79QbzL+k\nUAtVTbRZLn2hE+2QOT34KK9svm1tvLfbXhNUYir+5fzZQ7efcVR/JPF4bt9sTQWM\nEqCLfckmk4/AZbStxwKLdKKlhaHegTxt1ufepexE4ZG2Yu0YT0waa8EOco6qtXIl\naMtl5z4/61t8U8r75AkxPKcUpkMfrVEsyXkldrPRAAAAAwEAAQAAAQB8urp6GIIZ\n0BHUR3ya0wWZlwLfIfbAofCWKH3eNL71nLekNmoGF+pHoWbepju/RNlVsC/MPmMa\nq1rlLgBH5/9JlyLdrSYqI7afKDtNHTzygPR4/xU2U4kLgSLQn6A0T/OpQyFK7XJr\nR9DaMgOZ1YGK+EWVL6vhefNB/ni6wgFa2KLJ1NZkkEWZag8qWcC0c8HdBTAVRhm8\na8HDeficHz3GCnLV0gs7cXrHM9it1XTs4jJ6wlxeVlFkHoXgzSv2VqV1HXKk5+xq\nli8V7u6T2dK6V6/qmERXHbGGd3I4aYyCMdIGgXOhJTy2/RU+LGuG5Onzsdkr8H7z\n9ZvV8GEdPJKxAAAAgGKFPIhiwDUtCCkFotOjy3pl5+9S9cXv62XV4uhRZk2GchmR\n84KC+XuayCa5AYGHCWNieYnxNQJXDstZKjm0/572PxyCmq5tEuVDXnMM3uuV7wgI\nstLCn7rd33HUp1nSGSUeS1fRdXbISA8zwdYFLizacTNRIOhE6ylvXo/x0moAAAAA\ngQDqpKtCIT4yrSNESxTye40f7+++VwCEl+TLK4N8r38kq5Q2S6z9rYsayd8RFPN+\ndreezhV5b3VnNLdwkUDRDjdpjSU38QF2E5zcUo9yLzEgFPSUTodql5e4fv4p3B5b\nFo4W1yyaaPw0p25LHoxw5XhwjVZFAPl1ZSDL/QJlsoIaTQAAAIEA2Juw2MnfAfm9\n70yzfEuHJrz9A+WPW5dwnFQO0PpH+0snfXGvRGQDkkl2AILUoO5G7p+RG4pRRI0X\nNVRYFj6OKaFYIReMOib1pm8RfLgKVDKYxRvzd4OIksEbedASkxI9YNZZbQ2Z14LN\ndPkJNH/0y9bEla9PvpX6tG5oKCALeZUAAAAAAQID\n-----END OPENSSH PRIVATE KEY-----\n",
            "private_key_pem": "-----BEGIN RSA PRIVATE KEY-----\nMIIEowIBAAKCAQEAxomkS2bMQ8k7iUzsm+lx574SG1NcCziR15qzseXBmgpqig6z\nNXDCfF0hnoa6FEkl/LBxFvAo2B3UZIIIbjqA09aq9B494uAtLtfOPf5VhCS6RMCP\n/CywTVyAkUKHKMUsq0bakFQ+zY66NO4feQ8DBL4wfpMarLnJ2AGb0O/UG8y/pFAL\nVU20WS59oRPtkDk9+CivbL5tbby3214TVGIq/uX82UO3n3FUfyTxeG7fbE0FjBKg\ni33JJpOPwGW0rccCi3SipYWh3oE8bdbn3qXsROGRtmLtGE9MGmvBDnKOqrVyJWjL\nZec+P+tbfFPK++QJMTynFKZDH61RLMl5JXaz0QIDAQABAoIBAHy6unoYghnQEdRH\nfJrTBZmXAt8h9sCh8JYofd40vvWct6Q2agYX6kehZt6mO79E2VWwL8w+YxqrWuUu\nAEfn/0mXIt2tJiojtp8oO00dPPKA9Hj/FTZTiQuBItCfoDRP86lDIUrtcmtH0Noy\nA5nVgYr4RZUvq+F580H+eLrCAVrYosnU1mSQRZlqDypZwLRzwd0FMBVGGbxrwcN5\n+JwfPcYKctXSCztxescz2K3VdOziMnrCXF5WUWQeheDNK/ZWpXUdcqTn7GqWLxXu\n7pPZ0rpXr+qYRFcdsYZ3cjhpjIIx0gaBc6ElPLb9FT4sa4bk6fOx2SvwfvP1m9Xw\nYR08krECgYEA6qSrQiE+Mq0jREsU8nuNH+/vvlcAhJfkyyuDfK9/JKuUNkus/a2L\nGsnfERTzfna3ns4VeW91ZzS3cJFA0Q43aY0lN/EBdhOc3FKPci8xIBT0lE6HapeX\nuH7+KdweWxaOFtcsmmj8NKduSx6McOV4cI1WRQD5dWUgy/0CZbKCGk0CgYEA2Juw\n2MnfAfm970yzfEuHJrz9A+WPW5dwnFQO0PpH+0snfXGvRGQDkkl2AILUoO5G7p+R\nG4pRRI0XNVRYFj6OKaFYIReMOib1pm8RfLgKVDKYxRvzd4OIksEbedASkxI9YNZZ\nbQ2Z14LNdPkJNH/0y9bEla9PvpX6tG5oKCALeZUCgYBod2vwA1DnywHak/r9glhw\nkaiRe7a1UdMBSZw+1PusXd+c1NBuGOfHw3zW5BcMhNp3j5Ur/Z2tl2Dccy8CZGvz\nSG37nAdkhJLf3LoUwkIC4JGLvfK4WEmqUI/kHyY8s6wLKz2meXtgDfMi6rToRqH6\nqlJwYmCuDZoud7SrhnA6OQKBgQC8n6d6wSBP6hj6AAL0pBjHJR/3erpB+jh4CcL1\nPF3eeO2kkZEcrzNk+k+l1kgu9BAU0CNepi5q0ap6KD6k8Eh//B5wgr78DN0x19qU\njvd/pqfeTZ7QXlxZ34t7ojPqmqGUaFRrYMKtJxyfVhYr/5k+wIFkD8wTnSs6YEKX\nXoBfmQKBgGKFPIhiwDUtCCkFotOjy3pl5+9S9cXv62XV4uhRZk2GchmR84KC+Xua\nyCa5AYGHCWNieYnxNQJXDstZKjm0/572PxyCmq5tEuVDXnMM3uuV7wgIstLCn7rd\n33HUp1nSGSUeS1fRdXbISA8zwdYFLizacTNRIOhE6ylvXo/x0moA\n-----END RSA PRIVATE KEY-----\n",
            "private_key_pem_pkcs8": "-----BEGIN PRIVATE KEY-----\nMIIEvQIBADANBgkqhkiG9w0BAQEFAASCBKcwggSjAgEAAoIBAQDGiaRLZsxDyTuJ\nTOyb6XHnvhIbU1wLOJHXmrOx5cGaCmqKDrM1cMJ8XSGehroUSSX8sHEW8CjYHdRk\ngghuOoDT1qr0Hj3i4C0u1849/lWEJLpEwI/8LLBNXICRQocoxSyrRtqQVD7Njro0\n7h95DwMEvjB+kxqsucnYAZvQ79QbzL+kUAtVTbRZLn2hE+2QOT34KK9svm1tvLfb\nXhNUYir+5fzZQ7efcVR/JPF4bt9sTQWMEqCLfckmk4/AZbStxwKLdKKlhaHegTxt\n1ufepexE4ZG2Yu0YT0waa8EOco6qtXIlaMtl5z4/61t8U8r75AkxPKcUpkMfrVEs\nyXkldrPRAgMBAAECggEAfLq6ehiCGdAR1Ed8mtMFmZcC3yH2wKHwlih93jS+9Zy3\npDZqBhfqR6Fm3qY7v0TZVbAvzD5jGqta5S4AR+f/SZci3a0mKiO2nyg7TR088oD0\neP8VNlOJC4Ei0J+gNE/zqUMhSu1ya0fQ2jIDmdWBivhFlS+r4XnzQf54usIBWtii\nydTWZJBFmWoPKlnAtHPB3QUwFUYZvGvBw3n4nB89xgpy1dILO3F6xzPYrdV07OIy\nesJcXlZRZB6F4M0r9laldR1ypOfsapYvFe7uk9nSulev6phEVx2xhndyOGmMgjHS\nBoFzoSU8tv0VPixrhuTp87HZK/B+8/Wb1fBhHTySsQKBgQDqpKtCIT4yrSNESxTy\ne40f7+++VwCEl+TLK4N8r38kq5Q2S6z9rYsayd8RFPN+dreezhV5b3VnNLdwkUDR\nDjdpjSU38QF2E5zcUo9yLzEgFPSUTodql5e4fv4p3B5bFo4W1yyaaPw0p25LHoxw\n5XhwjVZFAPl1ZSDL/QJlsoIaTQKBgQDYm7DYyd8B+b3vTLN8S4cmvP0D5Y9bl3Cc\nVA7Q+kf7Syd9ca9EZAOSSXYAgtSg7kbun5EbilFEjRc1VFgWPo4poVghF4w6JvWm\nbxF8uApUMpjFG/N3g4iSwRt50BKTEj1g1lltDZnXgs10+Qk0f/TL1sSVr0++lfq0\nbmgoIAt5lQKBgGh3a/ADUOfLAdqT+v2CWHCRqJF7trVR0wFJnD7U+6xd35zU0G4Y\n58fDfNbkFwyE2nePlSv9na2XYNxzLwJka/NIbfucB2SEkt/cuhTCQgLgkYu98rhY\nSapQj+QfJjyzrAsrPaZ5e2AN8yLqtOhGofqqUnBiYK4Nmi53tKuGcDo5AoGBALyf\np3rBIE/qGPoAAvSkGMclH/d6ukH6OHgJwvU8Xd547aSRkRyvM2T6T6XWSC70EBTQ\nI16mLmrRqnooPqTwSH/8HnCCvvwM3THX2pSO93+mp95NntBeXFnfi3uiM+qaoZRo\nVGtgwq0nHJ9WFiv/mT7AgWQPzBOdKzpgQpdegF+ZAoGAYoU8iGLANS0IKQWi06PL\nemXn71L1xe/rZdXi6FFmTYZyGZHzgoL5e5rIJrkBgYcJY2J5ifE1AlcOy1kqObT/\nnvY/HIKarm0S5UNecwze65XvCAiy0sKfut3fcdSnWdIZJR5LV9F1dshIDzPB1gUu\nLNpxM1Eg6ETrKW9ej/HSagA=\n-----END PRIVATE KEY-----\n",
            "public_key_fingerprint_md5": "5c:20:e9:84:92:8b:af:02:7f:25:59:c9:6a:52:33:48",
            "public_key_fingerprint_sha256": "SHA256:+UYTFpImBITZbsKHCF/zIknA3+rhwLC0Zgxp4mDgWWU",
            "public_key_openssh": "ssh-rsa AAAAB3NzaC1yc2EAAAADAQABAAABAQDGiaRLZsxDyTuJTOyb6XHnvhIbU1wLOJHXmrOx5cGaCmqKDrM1cMJ8XSGehroUSSX8sHEW8CjYHdRkgghuOoDT1qr0Hj3i4C0u1849/lWEJLpEwI/8LLBNXICRQocoxSyrRtqQVD7Njro07h95DwMEvjB+kxqsucnYAZvQ79QbzL+kUAtVTbRZLn2hE+2QOT34KK9svm1tvLfbXhNUYir+5fzZQ7efcVR/JPF4bt9sTQWMEqCLfckmk4/AZbStxwKLdKKlhaHegTxt1ufepexE4ZG2Yu0YT0waa8EOco6qtXIlaMtl5z4/61t8U8r75AkxPKcUpkMfrVEsyXkldrPR\n",
            "public_key_pem": "-----BEGIN PUBLIC KEY-----\nMIIBIjANBgkqhkiG9w0BAQEFAAOCAQ8AMIIBCgKCAQEAxomkS2bMQ8k7iUzsm+lx\n574SG1NcCziR15qzseXBmgpqig6zNXDCfF0hnoa6FEkl/LBxFvAo2B3UZIIIbjqA\n09aq9B494uAtLtfOPf5VhCS6RMCP/CywTVyAkUKHKMUsq0bakFQ+zY66NO4feQ8D\nBL4wfpMarLnJ2AGb0O/UG8y/pFALVU20WS59oRPtkDk9+CivbL5tbby3214TVGIq\n/uX82UO3n3FUfyTxeG7fbE0FjBKgi33JJpOPwGW0rccCi3SipYWh3oE8bdbn3qXs\nROGRtmLtGE9MGmvBDnKOqrVyJWjLZec+P+tbfFPK++QJMTynFKZDH61RLMl5JXaz\n0QIDAQAB\n-----END PUBLIC KEY-----\n",
            "rsa_bits": 2048
          },
          "sensitive_attributes": []
        }
      ]
    }
  ],
  "check_results": null
}
